{
    "name": "beautiful-theme",
    "version": "0.3.0",
    "lockfileVersion": 2,
    "requires": true,
    "packages": {
        "": {
            "name": "beautiful-theme",
            "version": "0.3.0",
            "engines": {
                "vscode": "^1.66.0"
            }
        }
    }
}
